{
    "name": "web",
    "version": "0.0.0",
    "lockfileVersion": 3,
    "requires": true,
    "packages": {
        "": {
            "name": "web",
            "version": "0.0.0",
            "dependencies": {
                "@radix-ui/react-label": "^2.1.0",
                "@radix-ui/react-slot": "^1.1.0",
                "@radix-ui/react-tooltip": "^1.1.2",
                "@tanstack/react-form": "^0.33.0",
                "@tanstack/react-query": "^5.56.2",
                "@tanstack/react-router": "^1.58.9",
                "@tanstack/zod-form-adapter": "^0.33.0",
                "class-variance-authority": "^0.7.0",
                "clsx": "^2.1.1",
                "gql.tada": "^1.8.9",
                "graphql-request": "^7.1.0",
                "lucide-react": "^0.445.0",
                "react": "^18.3.1",
                "react-dom": "^18.3.1",
                "tailwind-merge": "^2.5.2",
                "tailwindcss-animate": "^1.0.7",
                "zod": "^3.23.8"
            },
            "devDependencies": {
                "@tanstack/react-query-devtools": "^5.56.2",
                "@tanstack/router-devtools": "^1.58.9",
                "@tanstack/router-plugin": "^1.58.4",
                "@types/react": "^18.3.3",
                "@types/react-dom": "^18.3.0",
                "@vitejs/plugin-react": "^4.3.1",
                "autoprefixer": "^10.4.20",
                "postcss": "^8.4.47",
                "tailwindcss": "^3.4.12",
                "typescript": "^5.5.3",
                "vite": "^5.4.1",
                "vite-tsconfig-paths": "^5.0.1"
            }
        },
        "../../node_modules/.pnpm/@radix-ui+react-label@2.1.0_@types+react-dom@18.3.0_@types+react@18.3.11_react-dom@18.3.1_react@18.3.1__react@18.3.1/node_modules/@radix-ui/react-label": {
            "version": "2.1.0",
            "license": "MIT",
            "dependencies": {
                "@radix-ui/react-primitive": "2.0.0"
            },
            "peerDependencies": {
                "@types/react": "*",
                "@types/react-dom": "*",
                "react": "^16.8 || ^17.0 || ^18.0 || ^19.0 || ^19.0.0-rc",
                "react-dom": "^16.8 || ^17.0 || ^18.0 || ^19.0 || ^19.0.0-rc"
            },
            "peerDependenciesMeta": {
                "@types/react": {
                    "optional": true
                },
                "@types/react-dom": {
                    "optional": true
                }
            }
        },
        "../../node_modules/.pnpm/@radix-ui+react-slot@1.1.0_@types+react@18.3.11_react@18.3.1/node_modules/@radix-ui/react-slot": {
            "version": "1.1.0",
            "license": "MIT",
            "dependencies": {
                "@radix-ui/react-compose-refs": "1.1.0"
            },
            "peerDependencies": {
                "@types/react": "*",
                "react": "^16.8 || ^17.0 || ^18.0 || ^19.0 || ^19.0.0-rc"
            },
            "peerDependenciesMeta": {
                "@types/react": {
                    "optional": true
                }
            }
        },
        "../../node_modules/.pnpm/@radix-ui+react-tooltip@1.1.3_@types+react-dom@18.3.0_@types+react@18.3.11_react-dom@18.3.1_react@18.3.1__react@18.3.1/node_modules/@radix-ui/react-tooltip": {
            "version": "1.1.3",
            "license": "MIT",
            "dependencies": {
                "@radix-ui/primitive": "1.1.0",
                "@radix-ui/react-compose-refs": "1.1.0",
                "@radix-ui/react-context": "1.1.1",
                "@radix-ui/react-dismissable-layer": "1.1.1",
                "@radix-ui/react-id": "1.1.0",
                "@radix-ui/react-popper": "1.2.0",
                "@radix-ui/react-portal": "1.1.2",
                "@radix-ui/react-presence": "1.1.1",
                "@radix-ui/react-primitive": "2.0.0",
                "@radix-ui/react-slot": "1.1.0",
                "@radix-ui/react-use-controllable-state": "1.1.0",
                "@radix-ui/react-visually-hidden": "1.1.0"
            },
            "peerDependencies": {
                "@types/react": "*",
                "@types/react-dom": "*",
                "react": "^16.8 || ^17.0 || ^18.0 || ^19.0 || ^19.0.0-rc",
                "react-dom": "^16.8 || ^17.0 || ^18.0 || ^19.0 || ^19.0.0-rc"
            },
            "peerDependenciesMeta": {
                "@types/react": {
                    "optional": true
                },
                "@types/react-dom": {
                    "optional": true
                }
            }
        },
        "../../node_modules/.pnpm/@tanstack+react-form@0.33.0_react-dom@18.3.1_react@18.3.1__react@18.3.1_typescript@5.6.2/node_modules/@tanstack/react-form": {
            "version": "0.33.0",
            "license": "MIT",
            "dependencies": {
                "@remix-run/node": "^2.12.0",
                "@tanstack/form-core": "0.33.0",
                "@tanstack/react-store": "^0.5.5",
                "decode-formdata": "^0.8.0"
            },
            "devDependencies": {
                "@tanstack/start": "^1.57.15",
                "@types/react": "^18.3.3",
                "@types/react-dom": "^18.3.0",
                "@vitejs/plugin-react": "^4.3.1",
                "react": "^18.3.1",
                "react-dom": "^18.3.1",
                "vite": "^5.4.5"
            },
            "funding": {
                "type": "github",
                "url": "https://github.com/sponsors/tannerlinsley"
            },
            "peerDependencies": {
                "@tanstack/start": "^1.43.13",
                "react": "^17.0.0 || ^18.0.0 || ^19.0.0"
            },
            "peerDependenciesMeta": {
                "@tanstack/start": {
                    "optional": true
                }
            }
        },
        "../../node_modules/.pnpm/@tanstack+react-query-devtools@5.59.0_@tanstack+react-query@5.59.0_react@18.3.1__react@18.3.1/node_modules/@tanstack/react-query-devtools": {
            "version": "5.59.0",
            "dev": true,
            "license": "MIT",
            "dependencies": {
                "@tanstack/query-devtools": "5.58.0"
            },
            "devDependencies": {
                "@tanstack/react-query": "5.59.0",
                "@types/react": "npm:types-react@rc",
                "@vitejs/plugin-react": "^4.3.1",
                "react": "19.0.0-rc-4c2e457c7c-20240522"
            },
            "funding": {
                "type": "github",
                "url": "https://github.com/sponsors/tannerlinsley"
            },
            "peerDependencies": {
                "@tanstack/react-query": "^5.59.0",
                "react": "^18 || ^19"
            }
        },
        "../../node_modules/.pnpm/@tanstack+react-query@5.59.0_react@18.3.1/node_modules/@tanstack/react-query": {
            "version": "5.59.0",
            "license": "MIT",
            "dependencies": {
                "@tanstack/query-core": "5.59.0"
            },
            "devDependencies": {
                "@types/react": "npm:types-react@rc",
                "@types/react-dom": "npm:types-react-dom@rc",
                "@vitejs/plugin-react": "^4.3.1",
                "eslint-plugin-react-compiler": "0.0.0-experimental-f8a5409-20240829",
                "react": "19.0.0-rc-4c2e457c7c-20240522",
                "react-dom": "19.0.0-rc-4c2e457c7c-20240522",
                "react-error-boundary": "^4.0.13"
            },
            "funding": {
                "type": "github",
                "url": "https://github.com/sponsors/tannerlinsley"
            },
            "peerDependencies": {
                "react": "^18 || ^19"
            }
        },
        "../../node_modules/.pnpm/@tanstack+react-router@1.61.1_@tanstack+router-generator@1.58.12_react-dom@18.3.1_react@18.3.1__react@18.3.1/node_modules/@tanstack/react-router": {
            "version": "1.61.1",
            "license": "MIT",
            "dependencies": {
                "@tanstack/history": "1.61.1",
                "@tanstack/react-store": "^0.5.5",
                "tiny-invariant": "^1.3.3",
                "tiny-warning": "^1.0.3"
            },
            "devDependencies": {
                "@testing-library/jest-dom": "^6.5.0",
                "@testing-library/react": "^16.0.1",
                "@vitejs/plugin-react": "^4.3.2",
                "combinate": "^1.1.11",
                "react": "^18.2.0",
                "react-dom": "^18.2.0",
                "zod": "^3.23.8"
            },
            "engines": {
                "node": ">=12"
            },
            "funding": {
                "type": "github",
                "url": "https://github.com/sponsors/tannerlinsley"
            },
            "peerDependencies": {
                "@tanstack/router-generator": "1.58.12",
                "react": ">=18",
                "react-dom": ">=18"
            },
            "peerDependenciesMeta": {
                "@tanstack/router-generator": {
                    "optional": true
                }
            }
        },
        "../../node_modules/.pnpm/@tanstack+router-devtools@1.61.1_@tanstack+react-router@1.61.1_@tanstack+router-generator@1.5_q26bup3wve54kxr6uee4yj5v6q/node_modules/@tanstack/router-devtools": {
            "version": "1.61.1",
            "dev": true,
            "license": "MIT",
            "dependencies": {
                "clsx": "^2.1.1",
                "goober": "^2.1.14"
            },
            "devDependencies": {
                "@vitejs/plugin-react": "^4.3.2",
                "react": "^18.2.0",
                "react-dom": "^18.2.0"
            },
            "engines": {
                "node": ">=12"
            },
            "funding": {
                "type": "github",
                "url": "https://github.com/sponsors/tannerlinsley"
            },
            "peerDependencies": {
                "@tanstack/react-router": "^1.61.1",
                "react": ">=18",
                "react-dom": ">=18"
            }
        },
        "../../node_modules/.pnpm/@tanstack+router-plugin@1.60.0_vite@5.4.8_@types+node@20.16.10_terser@5.34.1__webpack-sources@3.2.3_webpack@5.94.0/node_modules/@tanstack/router-plugin": {
            "version": "1.60.0",
            "dev": true,
            "license": "MIT",
            "dependencies": {
                "@babel/core": "^7.25.7",
                "@babel/generator": "^7.25.7",
                "@babel/parser": "^7.25.7",
                "@babel/plugin-syntax-jsx": "^7.25.7",
                "@babel/plugin-syntax-typescript": "^7.25.7",
                "@babel/template": "^7.25.7",
                "@babel/traverse": "^7.25.7",
                "@babel/types": "^7.25.7",
                "@tanstack/router-generator": "^1.58.12",
                "@tanstack/virtual-file-routes": "^1.56.0",
                "@types/babel__core": "^7.20.5",
                "@types/babel__generator": "^7.6.8",
                "@types/babel__template": "^7.4.4",
                "@types/babel__traverse": "^7.20.6",
                "babel-dead-code-elimination": "^1.0.6",
                "chokidar": "^3.6.0",
                "unplugin": "^1.12.2",
                "zod": "^3.23.8"
            },
            "engines": {
                "node": ">=12"
            },
            "funding": {
                "type": "github",
                "url": "https://github.com/sponsors/tannerlinsley"
            },
            "peerDependencies": {
                "@rsbuild/core": ">=1.0.2",
                "vite": ">=5.0.0",
                "webpack": ">=5.92.0"
            },
            "peerDependenciesMeta": {
                "@rsbuild/core": {
                    "optional": true
                },
                "vite": {
                    "optional": true
                },
                "webpack": {
                    "optional": true
                }
            }
        },
        "../../node_modules/.pnpm/@tanstack+zod-form-adapter@0.33.0_zod@3.23.8/node_modules/@tanstack/zod-form-adapter": {
            "version": "0.33.0",
            "license": "MIT",
            "dependencies": {
                "@tanstack/form-core": "0.33.0"
            },
            "devDependencies": {
                "@tanstack/react-form": "0.33.0",
                "zod": "^3.23.8"
            },
            "funding": {
                "type": "github",
                "url": "https://github.com/sponsors/tannerlinsley"
            },
            "peerDependencies": {
                "zod": "^3.x"
            }
        },
        "../../node_modules/.pnpm/@types+react-dom@18.3.0/node_modules/@types/react-dom": {
            "version": "18.3.0",
            "dev": true,
            "license": "MIT",
            "dependencies": {
                "@types/react": "*"
            }
        },
        "../../node_modules/.pnpm/@types+react@18.3.11/node_modules/@types/react": {
            "version": "18.3.11",
            "dev": true,
            "license": "MIT",
            "dependencies": {
                "@types/prop-types": "*",
                "csstype": "^3.0.2"
            }
        },
        "../../node_modules/.pnpm/@vitejs+plugin-react@4.3.2_vite@5.4.8_@types+node@20.16.10_terser@5.34.1_/node_modules/@vitejs/plugin-react": {
            "version": "4.3.2",
            "dev": true,
            "license": "MIT",
            "dependencies": {
                "@babel/core": "^7.25.2",
                "@babel/plugin-transform-react-jsx-self": "^7.24.7",
                "@babel/plugin-transform-react-jsx-source": "^7.24.7",
                "@types/babel__core": "^7.20.5",
                "react-refresh": "^0.14.2"
            },
            "devDependencies": {
                "unbuild": "^2.0.0"
            },
            "engines": {
                "node": "^14.18.0 || >=16.0.0"
            },
            "peerDependencies": {
                "vite": "^4.2.0 || ^5.0.0"
            }
        },
        "../../node_modules/.pnpm/autoprefixer@10.4.20_postcss@8.4.47/node_modules/autoprefixer": {
            "version": "10.4.20",
            "dev": true,
            "funding": [
                {
                    "type": "opencollective",
                    "url": "https://opencollective.com/postcss/"
                },
                {
                    "type": "tidelift",
                    "url": "https://tidelift.com/funding/github/npm/autoprefixer"
                },
                {
                    "type": "github",
                    "url": "https://github.com/sponsors/ai"
                }
            ],
            "license": "MIT",
            "dependencies": {
                "browserslist": "^4.23.3",
                "caniuse-lite": "^1.0.30001646",
                "fraction.js": "^4.3.7",
                "normalize-range": "^0.1.2",
                "picocolors": "^1.0.1",
                "postcss-value-parser": "^4.2.0"
            },
            "bin": {
                "autoprefixer": "bin/autoprefixer"
            },
            "engines": {
                "node": "^10 || ^12 || >=14"
            },
            "peerDependencies": {
                "postcss": "^8.1.0"
            }
        },
        "../../node_modules/.pnpm/class-variance-authority@0.7.0/node_modules/class-variance-authority": {
            "version": "0.7.0",
            "license": "Apache-2.0",
            "dependencies": {
                "clsx": "2.0.0"
            },
            "devDependencies": {
                "@jest/types": "28.1.1",
                "@swc/cli": "0.1.57",
                "@swc/core": "1.2.198",
                "@swc/jest": "0.2.21",
                "@types/jest": "28.1.1",
                "@types/node": "18.11.18",
                "@types/react": "18.0.12",
                "@types/react-dom": "18.0.5",
                "bundlesize": "0.18.1",
                "jest": "28.1.1",
                "npm-run-all": "4.1.5",
                "react": "18.2.0",
                "react-dom": "18.2.0",
                "ts-node": "10.8.1",
                "typescript": "5.1.3"
            },
            "funding": {
                "url": "https://joebell.co.uk"
            }
        },
        "../../node_modules/.pnpm/clsx@2.1.1/node_modules/clsx": {
            "version": "2.1.1",
            "license": "MIT",
            "devDependencies": {
                "esm": "3.2.25",
                "terser": "4.8.0",
                "uvu": "0.5.4"
            },
            "engines": {
                "node": ">=6"
            }
        },
        "../../node_modules/.pnpm/gql.tada@1.8.10_graphql@16.9.0_typescript@5.6.2/node_modules/gql.tada": {
            "version": "1.8.10",
            "license": "MIT",
            "dependencies": {
                "@0no-co/graphql.web": "^1.0.5",
                "@0no-co/graphqlsp": "^1.12.13",
                "@gql.tada/cli-utils": "1.6.3",
                "@gql.tada/internal": "1.0.8"
            },
            "bin": {
                "gql-tada": "bin/cli.js",
                "gql.tada": "bin/cli.js"
            },
            "devDependencies": {
                "@0no-co/typescript.js": "5.3.2-2",
                "@actions/core": "^1.10.0",
                "@actions/github": "^6.0.0",
                "@babel/plugin-transform-block-scoping": "^7.25.0",
                "@babel/plugin-transform-typescript": "^7.25.2",
                "@changesets/cli": "^2.27.7",
                "@changesets/get-github-info": "^0.6.0",
                "@rollup/plugin-babel": "^6.0.4",
                "@rollup/plugin-commonjs": "^26.0.1",
                "@rollup/plugin-node-resolve": "^15.2.3",
                "@rollup/plugin-terser": "^0.4.4",
                "@types/node": "^22.4.0",
                "@typescript-eslint/eslint-plugin": "^8.1.0",
                "@typescript-eslint/parser": "^8.1.0",
                "dotenv": "^16.4.5",
                "eslint": "^8.56.0",
                "eslint-config-prettier": "^9.1.0",
                "eslint-plugin-prettier": "^5.2.1",
                "eslint-plugin-tsdoc": "^0.3.0",
                "expect-type": "^0.19.0",
                "graphql": "^16.9.0",
                "lint-staged": "^15.2.9",
                "npm-run-all": "^4.1.5",
                "prettier": "^3.3.3",
                "rimraf": "^6.0.1",
                "rollup": "^4.21.0",
                "rollup-plugin-cjs-check": "^1.0.3",
                "rollup-plugin-dts": "^6.1.1",
                "terser": "^5.31.6",
                "typescript": "^5.5.4",
                "vitest": "2.0.5"
            },
            "peerDependencies": {
                "typescript": "^5.0.0"
            }
        },
        "../../node_modules/.pnpm/graphql-request@7.1.0_graphql@16.9.0/node_modules/graphql-request": {
            "version": "7.1.0",
            "license": "MIT",
            "dependencies": {
                "@graphql-typed-document-node/core": "^3.2.0",
                "@molt/command": "^0.9.0",
                "zod": "^3.23.8"
            },
            "bin": {
                "graffle": "build/cli/generate.js"
            },
            "devDependencies": {
                "@arethetypeswrong/cli": "^0.15.3",
                "@pothos/core": "^3.41.1",
                "@pothos/plugin-simple-objects": "^3.7.0",
                "@tsconfig/node18": "^18.2.4",
                "@tsconfig/strictest": "^2.0.5",
                "@types/body-parser": "^1.19.5",
                "@types/express": "^4.17.21",
                "@types/json-bigint": "^1.0.4",
                "@types/node": "^20.14.7",
                "@typescript-eslint/eslint-plugin": "^7.13.1",
                "@typescript-eslint/parser": "^7.13.1",
                "apollo-server-express": "^3.13.0",
                "body-parser": "^1.20.2",
                "doctoc": "^2.2.1",
                "dripip": "^0.10.0",
                "eslint": "^9.5.0",
                "eslint-config-prisma": "^0.6.0",
                "eslint-plugin-deprecation": "^3.0.0",
                "eslint-plugin-only-warn": "^1.1.0",
                "eslint-plugin-prefer-arrow": "^1.2.3",
                "eslint-plugin-simple-import-sort": "^12.1.0",
                "eslint-plugin-tsdoc": "^0.3.0",
                "eslint-typescript": "^1.1.0",
                "express": "^4.19.2",
                "get-port": "^7.1.0",
                "graphql": "^16.9.0",
                "graphql-scalars": "^1.23.0",
                "graphql-tag": "^2.12.6",
                "jsdom": "^24.1.0",
                "json-bigint": "^1.0.0",
                "publint": "^0.2.8",
                "tsx": "^4.15.7",
                "type-fest": "^4.20.1",
                "typescript": "^5.5.2",
                "typescript-eslint": "^7.13.1",
                "vitest": "^1.6.0"
            },
            "peerDependencies": {
                "@dprint/formatter": "^0.3.0",
                "@dprint/typescript": "^0.91.1",
                "dprint": "^0.46.2",
                "graphql": "14 - 16"
            },
            "peerDependenciesMeta": {
                "@dprint/formatter": {
                    "optional": true
                },
                "@dprint/typescript": {
                    "optional": true
                },
                "dprint": {
                    "optional": true
                }
            }
        },
        "../../node_modules/.pnpm/lucide-react@0.445.0_react@18.3.1/node_modules/lucide-react": {
            "version": "0.445.0",
            "license": "ISC",
            "devDependencies": {
                "@lucide/build-icons": "1.1.0",
                "@lucide/rollup-plugins": "1.0.0",
                "@lucide/shared": "1.0.0",
                "@testing-library/jest-dom": "^6.1.6",
                "@testing-library/react": "^14.1.2",
                "@types/react": "^18.2.37",
                "@vitejs/plugin-react": "^4.2.1",
                "jest-serializer-html": "^7.1.0",
                "react": "18.2.0",
                "react-dom": "18.2.0",
                "rollup": "^4.9.2",
                "rollup-plugin-dts": "^6.1.0",
                "typescript": "^4.9.5",
                "vite": "5.0.13",
                "vitest": "^1.1.1"
            },
            "peerDependencies": {
                "react": "^16.5.1 || ^17.0.0 || ^18.0.0 || ^19.0.0-rc"
            }
        },
        "../../node_modules/.pnpm/postcss@8.4.47/node_modules/postcss": {
            "version": "8.4.47",
            "dev": true,
            "funding": [
                {
                    "type": "opencollective",
                    "url": "https://opencollective.com/postcss/"
                },
                {
                    "type": "tidelift",
                    "url": "https://tidelift.com/funding/github/npm/postcss"
                },
                {
                    "type": "github",
                    "url": "https://github.com/sponsors/ai"
                }
            ],
            "license": "MIT",
            "dependencies": {
                "nanoid": "^3.3.7",
                "picocolors": "^1.1.0",
                "source-map-js": "^1.2.1"
            },
            "engines": {
                "node": "^10 || ^12 || >=14"
            }
        },
        "../../node_modules/.pnpm/react-dom@18.3.1_react@18.3.1/node_modules/react-dom": {
            "version": "18.3.1",
            "license": "MIT",
            "dependencies": {
                "loose-envify": "^1.1.0",
                "scheduler": "^0.23.2"
            },
            "peerDependencies": {
                "react": "^18.3.1"
            }
        },
        "../../node_modules/.pnpm/react@18.3.1/node_modules/react": {
            "version": "18.3.1",
            "license": "MIT",
            "dependencies": {
                "loose-envify": "^1.1.0"
            },
            "engines": {
                "node": ">=0.10.0"
            }
        },
        "../../node_modules/.pnpm/tailwind-merge@2.5.3/node_modules/tailwind-merge": {
            "version": "2.5.3",
            "license": "MIT",
            "devDependencies": {
                "@babel/core": "^7.25.2",
                "@babel/preset-env": "^7.25.4",
                "@codspeed/vitest-plugin": "^3.1.1",
                "@rollup/plugin-babel": "^6.0.4",
                "@rollup/plugin-node-resolve": "^15.3.0",
                "@rollup/plugin-typescript": "^12.1.0",
                "@vitest/coverage-v8": "^2.1.1",
                "@vitest/eslint-plugin": "^1.1.5",
                "babel-plugin-annotate-pure-calls": "^0.4.0",
                "babel-plugin-polyfill-regenerator": "^0.6.2",
                "eslint": "^9.11.1",
                "eslint-plugin-import": "^2.31.0",
                "globby": "^11.1.0",
                "prettier": "^3.3.3",
                "rollup": "^4.22.5",
                "rollup-plugin-delete": "^2.1.0",
                "rollup-plugin-dts": "^6.1.1",
                "tslib": "^2.7.0",
                "typescript": "^5.6.2",
                "typescript-eslint": "^8.8.0",
                "vitest": "^2.1.1",
                "zx": "^8.1.8"
            },
            "funding": {
                "type": "github",
                "url": "https://github.com/sponsors/dcastil"
            }
        },
        "../../node_modules/.pnpm/tailwindcss-animate@1.0.7_tailwindcss@3.4.13_ts-node@10.9.2_@types+node@20.16.10_typescript@5.6.2__/node_modules/tailwindcss-animate": {
            "version": "1.0.7",
            "license": "MIT",
            "devDependencies": {
                "husky": "^7.0.4",
                "lint-staged": "^12.3.4",
                "prettier": "^2.5.1",
                "tailwindcss": "^3.0.22"
            },
            "peerDependencies": {
                "tailwindcss": ">=3.0.0 || insiders"
            }
        },
        "../../node_modules/.pnpm/tailwindcss@3.4.13_ts-node@10.9.2_@types+node@20.16.10_typescript@5.6.2_/node_modules/tailwindcss": {
            "version": "3.4.13",
            "dev": true,
            "license": "MIT",
            "dependencies": {
                "@alloc/quick-lru": "^5.2.0",
                "arg": "^5.0.2",
                "chokidar": "^3.5.3",
                "didyoumean": "^1.2.2",
                "dlv": "^1.1.3",
                "fast-glob": "^3.3.0",
                "glob-parent": "^6.0.2",
                "is-glob": "^4.0.3",
                "jiti": "^1.21.0",
                "lilconfig": "^2.1.0",
                "micromatch": "^4.0.5",
                "normalize-path": "^3.0.0",
                "object-hash": "^3.0.0",
                "picocolors": "^1.0.0",
                "postcss": "^8.4.23",
                "postcss-import": "^15.1.0",
                "postcss-js": "^4.0.1",
                "postcss-load-config": "^4.0.1",
                "postcss-nested": "^6.0.1",
                "postcss-selector-parser": "^6.0.11",
                "resolve": "^1.22.2",
                "sucrase": "^3.32.0"
            },
            "bin": {
                "tailwind": "lib/cli.js",
                "tailwindcss": "lib/cli.js"
            },
            "devDependencies": {
                "@swc/cli": "^0.1.62",
                "@swc/core": "^1.3.55",
                "@swc/jest": "^0.2.26",
                "@swc/register": "^0.1.10",
                "autoprefixer": "^10.4.14",
                "browserslist": "^4.21.5",
                "concurrently": "^8.0.1",
                "cssnano": "^6.1.2",
                "esbuild": "^0.20.2",
                "eslint": "^8.39.0",
                "eslint-config-prettier": "^8.8.0",
                "eslint-plugin-prettier": "^4.2.1",
                "jest": "^29.6.0",
                "jest-diff": "^29.6.0",
                "lightningcss": "1.24.1",
                "prettier": "^2.8.8",
                "rimraf": "^5.0.0",
                "source-map-js": "^1.0.2",
                "turbo": "^1.9.3"
            },
            "engines": {
                "node": ">=14.0.0"
            }
        },
        "../../node_modules/.pnpm/typescript@5.6.2/node_modules/typescript": {
            "version": "5.6.2",
            "dev": true,
            "license": "Apache-2.0",
            "bin": {
                "tsc": "bin/tsc",
                "tsserver": "bin/tsserver"
            },
            "devDependencies": {
                "@dprint/formatter": "^0.4.1",
                "@dprint/typescript": "0.91.6",
                "@esfx/canceltoken": "^1.0.0",
                "@eslint/js": "^9.9.0",
                "@octokit/rest": "^21.0.1",
                "@types/chai": "^4.3.17",
                "@types/diff": "^5.2.1",
                "@types/minimist": "^1.2.5",
                "@types/mocha": "^10.0.7",
                "@types/ms": "^0.7.34",
                "@types/node": "latest",
                "@types/source-map-support": "^0.5.10",
                "@types/which": "^3.0.4",
                "@typescript-eslint/rule-tester": "^8.1.0",
                "@typescript-eslint/type-utils": "^8.1.0",
                "@typescript-eslint/utils": "^8.1.0",
                "azure-devops-node-api": "^14.0.2",
                "c8": "^10.1.2",
                "chai": "^4.5.0",
                "chalk": "^4.1.2",
                "chokidar": "^3.6.0",
                "diff": "^5.2.0",
                "dprint": "^0.47.2",
                "esbuild": "^0.23.0",
                "eslint": "^9.9.0",
                "eslint-formatter-autolinkable-stylish": "^1.4.0",
                "eslint-plugin-regexp": "^2.6.0",
                "fast-xml-parser": "^4.4.1",
                "glob": "^10.4.5",
                "globals": "^15.9.0",
                "hereby": "^1.9.0",
                "jsonc-parser": "^3.3.1",
                "knip": "^5.27.2",
                "minimist": "^1.2.8",
                "mocha": "^10.7.3",
                "mocha-fivemat-progress-reporter": "^0.1.0",
                "monocart-coverage-reports": "^2.10.2",
                "ms": "^2.1.3",
                "node-fetch": "^3.3.2",
                "playwright": "^1.46.0",
                "source-map-support": "^0.5.21",
                "tslib": "^2.6.3",
                "typescript": "^5.5.4",
                "typescript-eslint": "^8.1.0",
                "which": "^3.0.1"
            },
            "engines": {
                "node": ">=14.17"
            }
        },
        "../../node_modules/.pnpm/vite-tsconfig-paths@5.0.1_typescript@5.6.2_vite@5.4.8_@types+node@20.16.10_terser@5.34.1_/node_modules/vite-tsconfig-paths": {
            "version": "5.0.1",
            "dev": true,
            "license": "MIT",
            "dependencies": {
                "debug": "^4.1.1",
                "globrex": "^0.1.2",
                "tsconfck": "^3.0.3"
            },
            "devDependencies": {
                "@alloc/fast-rimraf": "^1.0.8",
                "@types/debug": "^4.1.5",
                "@types/globrex": "^0.1.0",
                "@types/jest": "^26.0.22",
                "@types/node": "^14.0.27",
                "esbuild": "^0.11.12",
                "esbuild-jest": "npm:@alloc/esbuild-jest@^0.3.6",
                "jest": "^26.6.3",
                "klona": "^2.0.4",
                "prettier": "^2.8.7",
                "rollup": "^2.45.2",
                "tsup": "^6.5.0",
                "typescript": "^4.9.3",
                "vite": "*",
                "vite-tsconfig-paths": "link:."
            },
            "peerDependencies": {
                "vite": "*"
            },
            "peerDependenciesMeta": {
                "vite": {
                    "optional": true
                }
            }
        },
        "../../node_modules/.pnpm/vite@5.4.8_@types+node@20.16.10_terser@5.34.1/node_modules/vite": {
            "version": "5.4.8",
            "dev": true,
            "license": "MIT",
            "dependencies": {
                "esbuild": "^0.21.3",
                "postcss": "^8.4.43",
                "rollup": "^4.20.0"
            },
            "bin": {
                "vite": "bin/vite.js"
            },
            "devDependencies": {
                "@ampproject/remapping": "^2.3.0",
                "@babel/parser": "^7.25.6",
                "@jridgewell/trace-mapping": "^0.3.25",
                "@polka/compression": "^1.0.0-next.25",
                "@rollup/plugin-alias": "^5.1.0",
                "@rollup/plugin-commonjs": "^26.0.1",
                "@rollup/plugin-dynamic-import-vars": "^2.1.2",
                "@rollup/plugin-json": "^6.1.0",
                "@rollup/plugin-node-resolve": "15.2.3",
                "@rollup/pluginutils": "^5.1.0",
                "@types/escape-html": "^1.0.4",
                "@types/pnpapi": "^0.0.5",
                "artichokie": "^0.2.1",
                "cac": "^6.7.14",
                "chokidar": "^3.6.0",
                "connect": "^3.7.0",
                "convert-source-map": "^2.0.0",
                "cors": "^2.8.5",
                "cross-spawn": "^7.0.3",
                "debug": "^4.3.6",
                "dep-types": "link:./src/types",
                "dotenv": "^16.4.5",
                "dotenv-expand": "^11.0.6",
                "es-module-lexer": "^1.5.4",
                "escape-html": "^1.0.3",
                "estree-walker": "^3.0.3",
                "etag": "^1.8.1",
                "fast-glob": "^3.3.2",
                "http-proxy": "^1.18.1",
                "launch-editor-middleware": "^2.8.1",
                "lightningcss": "^1.26.0",
                "magic-string": "^0.30.11",
                "micromatch": "^4.0.8",
                "mlly": "^1.7.1",
                "mrmime": "^2.0.0",
                "open": "^8.4.2",
                "parse5": "^7.1.2",
                "pathe": "^1.1.2",
                "periscopic": "^4.0.2",
                "picocolors": "^1.0.1",
                "picomatch": "^2.3.1",
                "postcss-import": "^16.1.0",
                "postcss-load-config": "^4.0.2",
                "postcss-modules": "^6.0.0",
                "resolve.exports": "^2.0.2",
                "rollup-plugin-dts": "^6.1.1",
                "rollup-plugin-esbuild": "^6.1.1",
                "rollup-plugin-license": "^3.5.2",
                "sass": "^1.77.8",
                "sass-embedded": "^1.77.8",
                "sirv": "^2.0.4",
                "source-map-support": "^0.5.21",
                "strip-ansi": "^7.1.0",
                "strip-literal": "^2.1.0",
                "tsconfck": "^3.1.3",
                "tslib": "^2.7.0",
                "types": "link:./types",
                "ufo": "^1.5.4",
                "ws": "^8.18.0"
            },
            "engines": {
                "node": "^18.0.0 || >=20.0.0"
            },
            "funding": {
                "url": "https://github.com/vitejs/vite?sponsor=1"
            },
            "optionalDependencies": {
                "fsevents": "~2.3.3"
            },
            "peerDependencies": {
                "@types/node": "^18.0.0 || >=20.0.0",
                "less": "*",
                "lightningcss": "^1.21.0",
                "sass": "*",
                "sass-embedded": "*",
                "stylus": "*",
                "sugarss": "*",
                "terser": "^5.4.0"
            },
            "peerDependenciesMeta": {
                "@types/node": {
                    "optional": true
                },
                "less": {
                    "optional": true
                },
                "lightningcss": {
                    "optional": true
                },
                "sass": {
                    "optional": true
                },
                "sass-embedded": {
                    "optional": true
                },
                "stylus": {
                    "optional": true
                },
                "sugarss": {
                    "optional": true
                },
                "terser": {
                    "optional": true
                }
            }
        },
        "../../node_modules/.pnpm/zod@3.23.8/node_modules/zod": {
            "version": "3.23.8",
            "license": "MIT",
            "devDependencies": {
                "@babel/core": "^7.22.5",
                "@babel/preset-env": "^7.22.5",
                "@babel/preset-typescript": "^7.22.5",
                "@jest/globals": "^29.4.3",
                "@rollup/plugin-typescript": "^8.2.0",
                "@swc/core": "^1.3.66",
                "@swc/jest": "^0.2.26",
                "@types/benchmark": "^2.1.0",
                "@types/jest": "^29.2.2",
                "@types/node": "14",
                "@typescript-eslint/eslint-plugin": "^5.15.0",
                "@typescript-eslint/parser": "^5.15.0",
                "babel-jest": "^29.5.0",
                "benchmark": "^2.1.4",
                "dependency-cruiser": "^9.19.0",
                "eslint": "^8.11.0",
                "eslint-config-prettier": "^8.5.0",
                "eslint-plugin-ban": "^1.6.0",
                "eslint-plugin-import": "^2.25.4",
                "eslint-plugin-simple-import-sort": "^7.0.0",
                "eslint-plugin-unused-imports": "^2.0.0",
                "husky": "^7.0.4",
                "jest": "^29.3.1",
                "lint-staged": "^12.3.7",
                "nodemon": "^2.0.15",
                "prettier": "^2.6.0",
                "pretty-quick": "^3.1.3",
                "rollup": "^2.70.1",
                "ts-jest": "^29.1.0",
                "ts-morph": "^14.0.0",
                "ts-node": "^10.9.1",
                "tslib": "^2.3.1",
                "tsx": "^3.8.0",
                "typescript": "~4.5.5",
                "vitest": "^0.32.2"
            },
            "funding": {
                "url": "https://github.com/sponsors/colinhacks"
            }
        },
        "node_modules/@radix-ui/react-label": {
            "resolved": "../../node_modules/.pnpm/@radix-ui+react-label@2.1.0_@types+react-dom@18.3.0_@types+react@18.3.11_react-dom@18.3.1_react@18.3.1__react@18.3.1/node_modules/@radix-ui/react-label",
            "link": true
        },
        "node_modules/@radix-ui/react-slot": {
            "resolved": "../../node_modules/.pnpm/@radix-ui+react-slot@1.1.0_@types+react@18.3.11_react@18.3.1/node_modules/@radix-ui/react-slot",
            "link": true
        },
        "node_modules/@radix-ui/react-tooltip": {
            "resolved": "../../node_modules/.pnpm/@radix-ui+react-tooltip@1.1.3_@types+react-dom@18.3.0_@types+react@18.3.11_react-dom@18.3.1_react@18.3.1__react@18.3.1/node_modules/@radix-ui/react-tooltip",
            "link": true
        },
        "node_modules/@tanstack/react-form": {
            "resolved": "../../node_modules/.pnpm/@tanstack+react-form@0.33.0_react-dom@18.3.1_react@18.3.1__react@18.3.1_typescript@5.6.2/node_modules/@tanstack/react-form",
            "link": true
        },
        "node_modules/@tanstack/react-query": {
            "resolved": "../../node_modules/.pnpm/@tanstack+react-query@5.59.0_react@18.3.1/node_modules/@tanstack/react-query",
            "link": true
        },
        "node_modules/@tanstack/react-query-devtools": {
            "resolved": "../../node_modules/.pnpm/@tanstack+react-query-devtools@5.59.0_@tanstack+react-query@5.59.0_react@18.3.1__react@18.3.1/node_modules/@tanstack/react-query-devtools",
            "link": true
        },
        "node_modules/@tanstack/react-router": {
            "resolved": "../../node_modules/.pnpm/@tanstack+react-router@1.61.1_@tanstack+router-generator@1.58.12_react-dom@18.3.1_react@18.3.1__react@18.3.1/node_modules/@tanstack/react-router",
            "link": true
        },
        "node_modules/@tanstack/router-devtools": {
            "resolved": "../../node_modules/.pnpm/@tanstack+router-devtools@1.61.1_@tanstack+react-router@1.61.1_@tanstack+router-generator@1.5_q26bup3wve54kxr6uee4yj5v6q/node_modules/@tanstack/router-devtools",
            "link": true
        },
        "node_modules/@tanstack/router-plugin": {
            "resolved": "../../node_modules/.pnpm/@tanstack+router-plugin@1.60.0_vite@5.4.8_@types+node@20.16.10_terser@5.34.1__webpack-sources@3.2.3_webpack@5.94.0/node_modules/@tanstack/router-plugin",
            "link": true
        },
        "node_modules/@tanstack/zod-form-adapter": {
            "resolved": "../../node_modules/.pnpm/@tanstack+zod-form-adapter@0.33.0_zod@3.23.8/node_modules/@tanstack/zod-form-adapter",
            "link": true
        },
        "node_modules/@types/react": {
            "resolved": "../../node_modules/.pnpm/@types+react@18.3.11/node_modules/@types/react",
            "link": true
        },
        "node_modules/@types/react-dom": {
            "resolved": "../../node_modules/.pnpm/@types+react-dom@18.3.0/node_modules/@types/react-dom",
            "link": true
        },
        "node_modules/@vitejs/plugin-react": {
            "resolved": "../../node_modules/.pnpm/@vitejs+plugin-react@4.3.2_vite@5.4.8_@types+node@20.16.10_terser@5.34.1_/node_modules/@vitejs/plugin-react",
            "link": true
        },
        "node_modules/autoprefixer": {
            "resolved": "../../node_modules/.pnpm/autoprefixer@10.4.20_postcss@8.4.47/node_modules/autoprefixer",
            "link": true
        },
        "node_modules/class-variance-authority": {
            "resolved": "../../node_modules/.pnpm/class-variance-authority@0.7.0/node_modules/class-variance-authority",
            "link": true
        },
        "node_modules/clsx": {
            "resolved": "../../node_modules/.pnpm/clsx@2.1.1/node_modules/clsx",
            "link": true
        },
        "node_modules/gql.tada": {
            "resolved": "../../node_modules/.pnpm/gql.tada@1.8.10_graphql@16.9.0_typescript@5.6.2/node_modules/gql.tada",
            "link": true
        },
        "node_modules/graphql-request": {
            "resolved": "../../node_modules/.pnpm/graphql-request@7.1.0_graphql@16.9.0/node_modules/graphql-request",
            "link": true
        },
        "node_modules/lucide-react": {
            "resolved": "../../node_modules/.pnpm/lucide-react@0.445.0_react@18.3.1/node_modules/lucide-react",
            "link": true
        },
        "node_modules/postcss": {
            "resolved": "../../node_modules/.pnpm/postcss@8.4.47/node_modules/postcss",
            "link": true
        },
        "node_modules/react": {
            "resolved": "../../node_modules/.pnpm/react@18.3.1/node_modules/react",
            "link": true
        },
        "node_modules/react-dom": {
            "resolved": "../../node_modules/.pnpm/react-dom@18.3.1_react@18.3.1/node_modules/react-dom",
            "link": true
        },
        "node_modules/tailwind-merge": {
            "resolved": "../../node_modules/.pnpm/tailwind-merge@2.5.3/node_modules/tailwind-merge",
            "link": true
        },
        "node_modules/tailwindcss": {
            "resolved": "../../node_modules/.pnpm/tailwindcss@3.4.13_ts-node@10.9.2_@types+node@20.16.10_typescript@5.6.2_/node_modules/tailwindcss",
            "link": true
        },
        "node_modules/tailwindcss-animate": {
            "resolved": "../../node_modules/.pnpm/tailwindcss-animate@1.0.7_tailwindcss@3.4.13_ts-node@10.9.2_@types+node@20.16.10_typescript@5.6.2__/node_modules/tailwindcss-animate",
            "link": true
        },
        "node_modules/typescript": {
            "resolved": "../../node_modules/.pnpm/typescript@5.6.2/node_modules/typescript",
            "link": true
        },
        "node_modules/vite": {
            "resolved": "../../node_modules/.pnpm/vite@5.4.8_@types+node@20.16.10_terser@5.34.1/node_modules/vite",
            "link": true
        },
        "node_modules/vite-tsconfig-paths": {
            "resolved": "../../node_modules/.pnpm/vite-tsconfig-paths@5.0.1_typescript@5.6.2_vite@5.4.8_@types+node@20.16.10_terser@5.34.1_/node_modules/vite-tsconfig-paths",
            "link": true
        },
        "node_modules/zod": {
            "resolved": "../../node_modules/.pnpm/zod@3.23.8/node_modules/zod",
            "link": true
        }
    }
}
